
Microsoft Visual Studio Solution File, Format Version 12.00
# Visual Studio 2013
VisualStudioVersion = 12.0.0.0
Project("{FAE04EC0-301F-11D3-BF4B-00C04F79EFBC}") = "listig", "listig\listig.csproj", "{EE1002EB-D51F-46BD-B324-6B61B8476B78}"
EndProject
Global
	GlobalSection(ProjectConfigurationPlatforms) = postSolution
		{EE1002EB-D51F-46BD-B324-6B61B8476B78}.Debug|Any CPU.ActiveCfg = Debug|Any CPU
		{EE1002EB-D51F-46BD-B324-6B61B8476B78}.Debug|Any CPU.Build.0 = Debug|Any CPU
		{EE1002EB-D51F-46BD-B324-6B61B8476B78}.Release|Any CPU.ActiveCfg = Release|Any CPU
		{EE1002EB-D51F-46BD-B324-6B61B8476B78}.Release|Any CPU.Build.0 = Release|Any CPU
	EndGlobalSection
	GlobalSection(SolutionConfigurationPlatforms) = preSolution
		Debug|Any CPU = Debug|Any CPU
		Release|Any CPU = Release|Any CPU
	EndGlobalSection
EndGlobal
